
Microsoft Visual Studio Solution File, Format Version 12.00
# Visual Studio Version 16
VisualStudioVersion = 16.0.32228.343
MinimumVisualStudioVersion = 10.0.40219.1
Project("{FAE04EC0-301F-11D3-BF4B-00C04F79EFBC}") = "Entidades Mascota", "Entidades Mascota\Entidades Mascota.csproj", "{289EDD14-E8FE-4201-91E1-59EC71229BE0}"
EndProject
Project("{FAE04EC0-301F-11D3-BF4B-00C04F79EFBC}") = "UI Mascotas", "UI Mascotas\UI Mascotas.csproj", "{B273B9C6-68AB-4CD3-B92B-7C8974945A65}"
EndProject
Global
	GlobalSection(SolutionConfigurationPlatforms) = preSolution
		Debug|Any CPU = Debug|Any CPU
		Release|Any CPU = Release|Any CPU
	EndGlobalSection
	GlobalSection(ProjectConfigurationPlatforms) = postSolution
		{289EDD14-E8FE-4201-91E1-59EC71229BE0}.Debug|Any CPU.ActiveCfg = Debug|Any CPU
		{289EDD14-E8FE-4201-91E1-59EC71229BE0}.Debug|Any CPU.Build.0 = Debug|Any CPU
		{289EDD14-E8FE-4201-91E1-59EC71229BE0}.Release|Any CPU.ActiveCfg = Release|Any CPU
		{289EDD14-E8FE-4201-91E1-59EC71229BE0}.Release|Any CPU.Build.0 = Release|Any CPU
		{B273B9C6-68AB-4CD3-B92B-7C8974945A65}.Debug|Any CPU.ActiveCfg = Debug|Any CPU
		{B273B9C6-68AB-4CD3-B92B-7C8974945A65}.Debug|Any CPU.Build.0 = Debug|Any CPU
		{B273B9C6-68AB-4CD3-B92B-7C8974945A65}.Release|Any CPU.ActiveCfg = Release|Any CPU
		{B273B9C6-68AB-4CD3-B92B-7C8974945A65}.Release|Any CPU.Build.0 = Release|Any CPU
	EndGlobalSection
	GlobalSection(SolutionProperties) = preSolution
		HideSolutionNode = FALSE
	EndGlobalSection
	GlobalSection(ExtensibilityGlobals) = postSolution
		SolutionGuid = {FD693A1D-A9D6-45B1-8066-C30861D26A71}
	EndGlobalSection
EndGlobal
